Microsoft Visual Studio Solution File, Format Version 11.00
# Visual Studio 2008

Project("{AF4164BA-A33B-CD83-5EFA-13121E58725C}") = "UnityLesson", "Assembly-CSharp.csproj", "{0FAB6523-DC21-6886-417B-5BDBF9C38229}"
EndProject
Project("{AF4164BA-A33B-CD83-5EFA-13121E58725C}") = "UnityLesson", "Assembly-CSharp-Editor.csproj", "{26F6CD46-21E3-9B24-F50F-E25508A3293C}"
EndProject
Global
	GlobalSection(SolutionConfigurationPlatforms) = preSolution
		Debug|Any CPU = Debug|Any CPU
		Release|Any CPU = Release|Any CPU
	EndGlobalSection
	GlobalSection(ProjectConfigurationPlatforms) = postSolution
		{0FAB6523-DC21-6886-417B-5BDBF9C38229}.Debug|Any CPU.ActiveCfg = Debug|Any CPU
		{0FAB6523-DC21-6886-417B-5BDBF9C38229}.Debug|Any CPU.Build.0 = Debug|Any CPU
		{0FAB6523-DC21-6886-417B-5BDBF9C38229}.Release|Any CPU.ActiveCfg = Release|Any CPU
		{0FAB6523-DC21-6886-417B-5BDBF9C38229}.Release|Any CPU.Build.0 = Release|Any CPU
		{26F6CD46-21E3-9B24-F50F-E25508A3293C}.Debug|Any CPU.ActiveCfg = Debug|Any CPU
		{26F6CD46-21E3-9B24-F50F-E25508A3293C}.Debug|Any CPU.Build.0 = Debug|Any CPU
		{26F6CD46-21E3-9B24-F50F-E25508A3293C}.Release|Any CPU.ActiveCfg = Release|Any CPU
		{26F6CD46-21E3-9B24-F50F-E25508A3293C}.Release|Any CPU.Build.0 = Release|Any CPU
	EndGlobalSection
	GlobalSection(SolutionProperties) = preSolution
		HideSolutionNode = FALSE
	EndGlobalSection
																																																																GlobalSection(MonoDevelopProperties) = preSolution
		StartupItem = Assembly-CSharp.csproj
		Policies = $0
		$0.TextStylePolicy = $1
		$1.inheritsSet = null
		$1.scope = text/x-csharp
		$0.CSharpFormattingPolicy = $2
		$2.inheritsSet = Mono
		$2.inheritsScope = text/x-csharp
		$2.scope = text/x-csharp
		$0.TextStylePolicy = $3
		$3.FileWidth = 120
		$3.TabsToSpaces = False
		$3.EolMarker = Unix
		$3.inheritsSet = VisualStudio
		$3.inheritsScope = text/plain
		$3.scope = text/plain
	EndGlobalSection

EndGlobal
